
Microsoft Visual Studio Solution File, Format Version 12.00
# Visual Studio Version 17
VisualStudioVersion = 17.3.32922.545
MinimumVisualStudioVersion = 10.0.40219.1
Project("{FAE04EC0-301F-11D3-BF4B-00C04F79EFBC}") = "Kayıt Defteri", "Kayıt Defteri\Kayıt Defteri.csproj", "{C4533727-60E6-4311-A5FE-8A356C799609}"
EndProject
Project("{54435603-DBB4-11D2-8724-00A0C9A8B90C}") = "Setup", "Setup\Setup.vdproj", "{815C62EA-523F-4D31-9C59-0191A1C4F4E7}"
EndProject
Global
	GlobalSection(SolutionConfigurationPlatforms) = preSolution
		Debug|Any CPU = Debug|Any CPU
		Release|Any CPU = Release|Any CPU
	EndGlobalSection
	GlobalSection(ProjectConfigurationPlatforms) = postSolution
		{C4533727-60E6-4311-A5FE-8A356C799609}.Debug|Any CPU.ActiveCfg = Debug|Any CPU
		{C4533727-60E6-4311-A5FE-8A356C799609}.Debug|Any CPU.Build.0 = Debug|Any CPU
		{C4533727-60E6-4311-A5FE-8A356C799609}.Release|Any CPU.ActiveCfg = Release|Any CPU
		{C4533727-60E6-4311-A5FE-8A356C799609}.Release|Any CPU.Build.0 = Release|Any CPU
		{815C62EA-523F-4D31-9C59-0191A1C4F4E7}.Debug|Any CPU.ActiveCfg = Debug
		{815C62EA-523F-4D31-9C59-0191A1C4F4E7}.Release|Any CPU.ActiveCfg = Release
	EndGlobalSection
	GlobalSection(SolutionProperties) = preSolution
		HideSolutionNode = FALSE
	EndGlobalSection
	GlobalSection(ExtensibilityGlobals) = postSolution
		SolutionGuid = {82FBF80F-8C32-4BB9-BCD6-DFE24146C6EF}
	EndGlobalSection
EndGlobal
